
Microsoft Visual Studio Solution File, Format Version 12.00
# Visual Studio Version 17
VisualStudioVersion = 17.4.33213.308
MinimumVisualStudioVersion = 10.0.40219.1
Project("{FAE04EC0-301F-11D3-BF4B-00C04F79EFBC}") = "CrudOperationApi", "CrudOperationApi\CrudOperationApi.csproj", "{28BEF5FA-B18B-4985-B8DA-5ED4B9E587E3}"
EndProject
Global
	GlobalSection(SolutionConfigurationPlatforms) = preSolution
		Debug|Any CPU = Debug|Any CPU
		Release|Any CPU = Release|Any CPU
	EndGlobalSection
	GlobalSection(ProjectConfigurationPlatforms) = postSolution
		{28BEF5FA-B18B-4985-B8DA-5ED4B9E587E3}.Debug|Any CPU.ActiveCfg = Debug|Any CPU
		{28BEF5FA-B18B-4985-B8DA-5ED4B9E587E3}.Debug|Any CPU.Build.0 = Debug|Any CPU
		{28BEF5FA-B18B-4985-B8DA-5ED4B9E587E3}.Release|Any CPU.ActiveCfg = Release|Any CPU
		{28BEF5FA-B18B-4985-B8DA-5ED4B9E587E3}.Release|Any CPU.Build.0 = Release|Any CPU
	EndGlobalSection
	GlobalSection(SolutionProperties) = preSolution
		HideSolutionNode = FALSE
	EndGlobalSection
	GlobalSection(ExtensibilityGlobals) = postSolution
		SolutionGuid = {B5269DA0-9BE3-46CD-98E2-49E4A51A148C}
	EndGlobalSection
EndGlobal
